
Microsoft Visual Studio Solution File, Format Version 12.00
# Visual Studio Version 16
VisualStudioVersion = 16.0.30804.86
MinimumVisualStudioVersion = 10.0.40219.1
Project("{FAE04EC0-301F-11D3-BF4B-00C04F79EFBC}") = "CSMySQL_SMART_CRUD_V1", "CSMySQL_SMART_CRUD_V1\CSMySQL_SMART_CRUD_V1.csproj", "{8597D8FA-BE3F-46C7-B3CE-6559A54865F9}"
EndProject
Global
	GlobalSection(SolutionConfigurationPlatforms) = preSolution
		Debug|Any CPU = Debug|Any CPU
		Release|Any CPU = Release|Any CPU
	EndGlobalSection
	GlobalSection(ProjectConfigurationPlatforms) = postSolution
		{8597D8FA-BE3F-46C7-B3CE-6559A54865F9}.Debug|Any CPU.ActiveCfg = Debug|Any CPU
		{8597D8FA-BE3F-46C7-B3CE-6559A54865F9}.Debug|Any CPU.Build.0 = Debug|Any CPU
		{8597D8FA-BE3F-46C7-B3CE-6559A54865F9}.Release|Any CPU.ActiveCfg = Release|Any CPU
		{8597D8FA-BE3F-46C7-B3CE-6559A54865F9}.Release|Any CPU.Build.0 = Release|Any CPU
	EndGlobalSection
	GlobalSection(SolutionProperties) = preSolution
		HideSolutionNode = FALSE
	EndGlobalSection
	GlobalSection(ExtensibilityGlobals) = postSolution
		SolutionGuid = {E450A732-52DF-4A98-92C3-2F5F434FEC51}
	EndGlobalSection
EndGlobal
